
Microsoft Visual Studio Solution File, Format Version 12.00
# Visual Studio Version 17
VisualStudioVersion = 17.6.33712.159
MinimumVisualStudioVersion = 10.0.40219.1
Project("{FAE04EC0-301F-11D3-BF4B-00C04F79EFBC}") = "Leagueinator", "Leagueinator\Leagueinator.csproj", "{7F876AA2-4D33-4CA6-8A49-AE738028EED9}"
EndProject
Project("{2150E333-8FDC-42A3-9474-1A3956D46DE8}") = "Solution Items", "Solution Items", "{0600323E-AB49-47CC-882A-485C4EAA7743}"
EndProject
Global
	GlobalSection(SolutionConfigurationPlatforms) = preSolution
		Debug|Any CPU = Debug|Any CPU
		Release|Any CPU = Release|Any CPU
	EndGlobalSection
	GlobalSection(ProjectConfigurationPlatforms) = postSolution
		{7F876AA2-4D33-4CA6-8A49-AE738028EED9}.Debug|Any CPU.ActiveCfg = Debug|Any CPU
		{7F876AA2-4D33-4CA6-8A49-AE738028EED9}.Debug|Any CPU.Build.0 = Debug|Any CPU
		{7F876AA2-4D33-4CA6-8A49-AE738028EED9}.Release|Any CPU.ActiveCfg = Release|Any CPU
		{7F876AA2-4D33-4CA6-8A49-AE738028EED9}.Release|Any CPU.Build.0 = Release|Any CPU
	EndGlobalSection
	GlobalSection(SolutionProperties) = preSolution
		HideSolutionNode = FALSE
	EndGlobalSection
	GlobalSection(ExtensibilityGlobals) = postSolution
		SolutionGuid = {EB3DA104-9AA5-4B60-82CE-93ED2F2A04B8}
	EndGlobalSection
EndGlobal
